
Microsoft Visual Studio Solution File, Format Version 12.00
# Visual Studio Version 17
VisualStudioVersion = 17.14.36811.4 d17.14
MinimumVisualStudioVersion = 10.0.40219.1
Project("{FAE04EC0-301F-11D3-BF4B-00C04F79EFBC}") = "Medical Laboratory Management System", "Medical Laboratory Management System.csproj", "{C973AC96-801B-4C80-9987-F09E92616FCE}"
EndProject
Global
	GlobalSection(SolutionConfigurationPlatforms) = preSolution
		Debug|Any CPU = Debug|Any CPU
		Release|Any CPU = Release|Any CPU
	EndGlobalSection
	GlobalSection(ProjectConfigurationPlatforms) = postSolution
		{C973AC96-801B-4C80-9987-F09E92616FCE}.Debug|Any CPU.ActiveCfg = Debug|Any CPU
		{C973AC96-801B-4C80-9987-F09E92616FCE}.Debug|Any CPU.Build.0 = Debug|Any CPU
		{C973AC96-801B-4C80-9987-F09E92616FCE}.Release|Any CPU.ActiveCfg = Release|Any CPU
		{C973AC96-801B-4C80-9987-F09E92616FCE}.Release|Any CPU.Build.0 = Release|Any CPU
	EndGlobalSection
	GlobalSection(SolutionProperties) = preSolution
		HideSolutionNode = FALSE
	EndGlobalSection
	GlobalSection(ExtensibilityGlobals) = postSolution
		SolutionGuid = {96CCF9D7-F0C9-4BFA-B55B-EEDD77EB36FA}
	EndGlobalSection
EndGlobal
